
Microsoft Visual Studio Solution File, Format Version 12.00
# Visual Studio Version 17
VisualStudioVersion = 17.4.33213.308
MinimumVisualStudioVersion = 10.0.40219.1
Project("{FAE04EC0-301F-11D3-BF4B-00C04F79EFBC}") = "ChoirManagement", "ChoirManagement\ChoirManagement.csproj", "{EF9848BF-E0A6-4E0F-8BDF-F029331F5863}"
EndProject
Global
	GlobalSection(SolutionConfigurationPlatforms) = preSolution
		Debug|Any CPU = Debug|Any CPU
		Release|Any CPU = Release|Any CPU
	EndGlobalSection
	GlobalSection(ProjectConfigurationPlatforms) = postSolution
		{EF9848BF-E0A6-4E0F-8BDF-F029331F5863}.Debug|Any CPU.ActiveCfg = Debug|Any CPU
		{EF9848BF-E0A6-4E0F-8BDF-F029331F5863}.Debug|Any CPU.Build.0 = Debug|Any CPU
		{EF9848BF-E0A6-4E0F-8BDF-F029331F5863}.Release|Any CPU.ActiveCfg = Release|Any CPU
		{EF9848BF-E0A6-4E0F-8BDF-F029331F5863}.Release|Any CPU.Build.0 = Release|Any CPU
	EndGlobalSection
	GlobalSection(SolutionProperties) = preSolution
		HideSolutionNode = FALSE
	EndGlobalSection
	GlobalSection(ExtensibilityGlobals) = postSolution
		SolutionGuid = {351B4800-139A-4369-901E-0692ED96B619}
	EndGlobalSection
EndGlobal
